{
  "originHash" : "8be304386f69a3a1bfbe728d5c18f37c055e447b88ce28d4d234734e9b9f9bc2",
  "pins" : [
    {
      "identity" : "buphagusafricanus",
      "kind" : "remoteSourceControl",
      "location" : "https://github.com/Nekomi-Kokadaigaku/BuphagusAfricanus",
      "state" : {
        "branch" : "main",
        "revision" : "aaf7701e8f33d2c297b7fd6f6cd6ccbec5178282"
      }
    }
  ],
  "version" : 3
}
